
Microsoft Visual Studio Solution File, Format Version 12.00
# Visual Studio Version 17
VisualStudioVersion = 17.14.36301.6 d17.14
MinimumVisualStudioVersion = 10.0.40219.1
Project("{FAE04EC0-301F-11D3-BF4B-00C04F79EFBC}") = "Carrello_ECommerce", "Carrello_ECommerce\Carrello_ECommerce.csproj", "{CAC50580-F5DC-46A8-A50C-94DFA48F3C05}"
EndProject
Global
	GlobalSection(SolutionConfigurationPlatforms) = preSolution
		Debug|Any CPU = Debug|Any CPU
		Release|Any CPU = Release|Any CPU
	EndGlobalSection
	GlobalSection(ProjectConfigurationPlatforms) = postSolution
		{CAC50580-F5DC-46A8-A50C-94DFA48F3C05}.Debug|Any CPU.ActiveCfg = Debug|Any CPU
		{CAC50580-F5DC-46A8-A50C-94DFA48F3C05}.Debug|Any CPU.Build.0 = Debug|Any CPU
		{CAC50580-F5DC-46A8-A50C-94DFA48F3C05}.Release|Any CPU.ActiveCfg = Release|Any CPU
		{CAC50580-F5DC-46A8-A50C-94DFA48F3C05}.Release|Any CPU.Build.0 = Release|Any CPU
	EndGlobalSection
	GlobalSection(SolutionProperties) = preSolution
		HideSolutionNode = FALSE
	EndGlobalSection
	GlobalSection(ExtensibilityGlobals) = postSolution
		SolutionGuid = {062C7E62-345A-4531-AFCC-B39EC886BDEB}
	EndGlobalSection
EndGlobal
